// !$*UTF8*$!
{
	archiveVersion = 1;
	classes = {
	};
	objectVersion = 56;
	objects = {

/* Begin PBXBuildFile section */
		95AECE982CA97E58000C9BEE /* Team6PresentMeApp.swift in Sources */ = {isa = PBXBuildFile; fileRef = 95AECE972CA97E58000C9BEE /* Team6PresentMeApp.swift */; };
		95AECE9A2CA97E58000C9BEE /* ContentView.swift in Sources */ = {isa = PBXBuildFile; fileRef = 95AECE992CA97E58000C9BEE /* ContentView.swift */; };
		95AECE9C2CA97E59000C9BEE /* Assets.xcassets in Resources */ = {isa = PBXBuildFile; fileRef = 95AECE9B2CA97E59000C9BEE /* Assets.xcassets */; };
		95AECE9F2CA97E59000C9BEE /* Preview Assets.xcassets in Resources */ = {isa = PBXBuildFile; fileRef = 95AECE9E2CA97E59000C9BEE /* Preview Assets.xcassets */; };
		F2290AA12CA97F4800C77459 /* Nahed1.swift in Sources */ = {isa = PBXBuildFile; fileRef = F2290AA02CA97F4800C77459 /* Nahed1.swift */; };
		F2290AA32CA97F5500C77459 /* Renad.swift in Sources */ = {isa = PBXBuildFile; fileRef = F2290AA22CA97F5500C77459 /* Renad.swift */; };
		F2290AA52CA97F6000C77459 /* Sara.swift in Sources */ = {isa = PBXBuildFile; fileRef = F2290AA42CA97F6000C77459 /* Sara.swift */; };
		F2290AA72CA97F6E00C77459 /* Bayan.swift in Sources */ = {isa = PBXBuildFile; fileRef = F2290AA62CA97F6E00C77459 /* Bayan.swift */; };
		F2BA89322CA993EE00615472 /* Bshayr.swift in Sources */ = {isa = PBXBuildFile; fileRef = F2BA89312CA993EE00615472 /* Bshayr.swift */; };
		F2BA89342CA995BA00615472 /* Renad_Nahed.swift in Sources */ = {isa = PBXBuildFile; fileRef = F2BA89332CA995BA00615472 /* Renad_Nahed.swift */; };
		F2BA89362CA995C800615472 /* Nahed_2.swift in Sources */ = {isa = PBXBuildFile; fileRef = F2BA89352CA995C800615472 /* Nahed_2.swift */; };
/* End PBXBuildFile section */

/* Begin PBXFileReference section */
		95AECE942CA97E58000C9BEE /* Team6PresentMe.app */ = {isa = PBXFileReference; explicitFileType = wrapper.application; includeInIndex = 0; path = Team6PresentMe.app; sourceTree = BUILT_PRODUCTS_DIR; };
		95AECE972CA97E58000C9BEE /* Team6PresentMeApp.swift */ = {isa = PBXFileReference; lastKnownFileType = sourcecode.swift; path = Team6PresentMeApp.swift; sourceTree = "<group>"; };
		95AECE992CA97E58000C9BEE /* ContentView.swift */ = {isa = PBXFileReference; lastKnownFileType = sourcecode.swift; path = ContentView.swift; sourceTree = "<group>"; };
		95AECE9B2CA97E59000C9BEE /* Assets.xcassets */ = {isa = PBXFileReference; lastKnownFileType = folder.assetcatalog; path = Assets.xcassets; sourceTree = "<group>"; };
		95AECE9E2CA97E59000C9BEE /* Preview Assets.xcassets */ = {isa = PBXFileReference; lastKnownFileType = folder.assetcatalog; path = "Preview Assets.xcassets"; sourceTree = "<group>"; };
		F2290AA02CA97F4800C77459 /* Nahed1.swift */ = {isa = PBXFileReference; lastKnownFileType = sourcecode.swift; path = Nahed1.swift; sourceTree = "<group>"; };
		F2290AA22CA97F5500C77459 /* Renad.swift */ = {isa = PBXFileReference; lastKnownFileType = sourcecode.swift; path = Renad.swift; sourceTree = "<group>"; };
		F2290AA42CA97F6000C77459 /* Sara.swift */ = {isa = PBXFileReference; lastKnownFileType = sourcecode.swift; path = Sara.swift; sourceTree = "<group>"; };
		F2290AA62CA97F6E00C77459 /* Bayan.swift */ = {isa = PBXFileReference; lastKnownFileType = sourcecode.swift; path = Bayan.swift; sourceTree = "<group>"; };
		F2BA89312CA993EE00615472 /* Bshayr.swift */ = {isa = PBXFileReference; lastKnownFileType = sourcecode.swift; path = Bshayr.swift; sourceTree = "<group>"; };
		F2BA89332CA995BA00615472 /* Renad_Nahed.swift */ = {isa = PBXFileReference; lastKnownFileType = sourcecode.swift; path = Renad_Nahed.swift; sourceTree = "<group>"; };
		F2BA89352CA995C800615472 /* Nahed_2.swift */ = {isa = PBXFileReference; lastKnownFileType = sourcecode.swift; path = Nahed_2.swift; sourceTree = "<group>"; };
/* End PBXFileReference section */

/* Begin PBXFrameworksBuildPhase section */
		95AECE912CA97E58000C9BEE /* Frameworks */ = {
			isa = PBXFrameworksBuildPhase;
			buildActionMask = 2147483647;
			files = (
			);
			runOnlyForDeploymentPostprocessing = 0;
		};
/* End PBXFrameworksBuildPhase section */

/* Begin PBXGroup section */
		95AECE8B2CA97E58000C9BEE = {
			isa = PBXGroup;
			children = (
				95AECE962CA97E58000C9BEE /* Team6PresentMe */,
				95AECE952CA97E58000C9BEE /* Products */,
			);
			sourceTree = "<group>";
		};
		95AECE952CA97E58000C9BEE /* Products */ = {
			isa = PBXGroup;
			children = (
				95AECE942CA97E58000C9BEE /* Team6PresentMe.app */,
			);
			name = Products;
			sourceTree = "<group>";
		};
		95AECE962CA97E58000C9BEE /* Team6PresentMe */ = {
			isa = PBXGroup;
			children = (
				95AECE972CA97E58000C9BEE /* Team6PresentMeApp.swift */,
				F2290AA02CA97F4800C77459 /* Nahed1.swift */,
				F2BA89332CA995BA00615472 /* Renad_Nahed.swift */,
				F2BA89352CA995C800615472 /* Nahed_2.swift */,
				F2BA89312CA993EE00615472 /* Bshayr.swift */,
				F2290AA22CA97F5500C77459 /* Renad.swift */,
				F2290AA42CA97F6000C77459 /* Sara.swift */,
				F2290AA62CA97F6E00C77459 /* Bayan.swift */,
				95AECE992CA97E58000C9BEE /* ContentView.swift */,
				95AECE9B2CA97E59000C9BEE /* Assets.xcassets */,
				95AECE9D2CA97E59000C9BEE /* Preview Content */,
			);
			path = Team6PresentMe;
			sourceTree = "<group>";
		};
		95AECE9D2CA97E59000C9BEE /* Preview Content */ = {
			isa = PBXGroup;
			children = (
				95AECE9E2CA97E59000C9BEE /* Preview Assets.xcassets */,
			);
			path = "Preview Content";
			sourceTree = "<group>";
		};
/* End PBXGroup section */

/* Begin PBXNativeTarget section */
		95AECE932CA97E58000C9BEE /* Team6PresentMe */ = {
			isa = PBXNativeTarget;
			buildConfigurationList = 95AECEA22CA97E59000C9BEE /* Build configuration list for PBXNativeTarget "Team6PresentMe" */;
			buildPhases = (
				95AECE902CA97E58000C9BEE /* Sources */,
				95AECE912CA97E58000C9BEE /* Frameworks */,
				95AECE922CA97E58000C9BEE /* Resources */,
			);
			buildRules = (
			);
			dependencies = (
			);
			name = Team6PresentMe;
			productName = Team6PresentMe;
			productReference = 95AECE942CA97E58000C9BEE /* Team6PresentMe.app */;
			productType = "com.apple.product-type.application";
		};
/* End PBXNativeTarget section */

/* Begin PBXProject section */
		95AECE8C2CA97E58000C9BEE /* Project object */ = {
			isa = PBXProject;
			attributes = {
				BuildIndependentTargetsInParallel = 1;
				LastSwiftUpdateCheck = 1540;
				LastUpgradeCheck = 1540;
				TargetAttributes = {
					95AECE932CA97E58000C9BEE = {
						CreatedOnToolsVersion = 15.4;
					};
				};
			};
			buildConfigurationList = 95AECE8F2CA97E58000C9BEE /* Build configuration list for PBXProject "Team6PresentMe" */;
			compatibilityVersion = "Xcode 14.0";
			developmentRegion = en;
			hasScannedForEncodings = 0;
			knownRegions = (
				en,
				Base,
			);
			mainGroup = 95AECE8B2CA97E58000C9BEE;
			productRefGroup = 95AECE952CA97E58000C9BEE /* Products */;
			projectDirPath = "";
			projectRoot = "";
			targets = (
				95AECE932CA97E58000C9BEE /* Team6PresentMe */,
			);
		};
/* End PBXProject section */

/* Begin PBXResourcesBuildPhase section */
		95AECE922CA97E58000C9BEE /* Resources */ = {
			isa = PBXResourcesBuildPhase;
			buildActionMask = 2147483647;
			files = (
				95AECE9F2CA97E59000C9BEE /* Preview Assets.xcassets in Resources */,
				95AECE9C2CA97E59000C9BEE /* Assets.xcassets in Resources */,
			);
			runOnlyForDeploymentPostprocessing = 0;
		};
/* End PBXResourcesBuildPhase section */

/* Begin PBXSourcesBuildPhase section */
		95AECE902CA97E58000C9BEE /* Sources */ = {
			isa = PBXSourcesBuildPhase;
			buildActionMask = 2147483647;
			files = (
				F2BA89322CA993EE00615472 /* Bshayr.swift in Sources */,
				F2290AA32CA97F5500C77459 /* Renad.swift in Sources */,
				95AECE9A2CA97E58000C9BEE /* ContentView.swift in Sources */,
				F2BA89362CA995C800615472 /* Nahed_2.swift in Sources */,
				F2BA89342CA995BA00615472 /* Renad_Nahed.swift in Sources */,
				F2290AA52CA97F6000C77459 /* Sara.swift in Sources */,
				95AECE982CA97E58000C9BEE /* Team6PresentMeApp.swift in Sources */,
				F2290AA12CA97F4800C77459 /* Nahed1.swift in Sources */,
				F2290AA72CA97F6E00C77459 /* Bayan.swift in Sources */,
			);
			runOnlyForDeploymentPostprocessing = 0;
		};
/* End PBXSourcesBuildPhase section */

/* Begin XCBuildConfiguration section */
		95AECEA02CA97E59000C9BEE /* Debug */ = {
			isa = XCBuildConfiguration;
			buildSettings = {
				ALWAYS_SEARCH_USER_PATHS = NO;
				ASSETCATALOG_COMPILER_GENERATE_SWIFT_ASSET_SYMBOL_EXTENSIONS = YES;
				CLANG_ANALYZER_NONNULL = YES;
				CLANG_ANALYZER_NUMBER_OBJECT_CONVERSION = YES_AGGRESSIVE;
				CLANG_CXX_LANGUAGE_STANDARD = "gnu++20";
				CLANG_ENABLE_MODULES = YES;
				CLANG_ENABLE_OBJC_ARC = YES;
				CLANG_ENABLE_OBJC_WEAK = YES;
				CLANG_WARN_BLOCK_CAPTURE_AUTORELEASING = YES;
				CLANG_WARN_BOOL_CONVERSION = YES;
				CLANG_WARN_COMMA = YES;
				CLANG_WARN_CONSTANT_CONVERSION = YES;
				CLANG_WARN_DEPRECATED_OBJC_IMPLEMENTATIONS = YES;
				CLANG_WARN_DIRECT_OBJC_ISA_USAGE = YES_ERROR;
				CLANG_WARN_DOCUMENTATION_COMMENTS = YES;
				CLANG_WARN_EMPTY_BODY = YES;
				CLANG_WARN_ENUM_CONVERSION = YES;
				CLANG_WARN_INFINITE_RECURSION = YES;
				CLANG_WARN_INT_CONVERSION = YES;
				CLANG_WARN_NON_LITERAL_NULL_CONVERSION = YES;
				CLANG_WARN_OBJC_IMPLICIT_RETAIN_SELF = YES;
				CLANG_WARN_OBJC_LITERAL_CONVERSION = YES;
				CLANG_WARN_OBJC_ROOT_CLASS = YES_ERROR;
				CLANG_WARN_QUOTED_INCLUDE_IN_FRAMEWORK_HEADER = YES;
				CLANG_WARN_RANGE_LOOP_ANALYSIS = YES;
				CLANG_WARN_STRICT_PROTOTYPES = YES;
				CLANG_WARN_SUSPICIOUS_MOVE = YES;
				CLANG_WARN_UNGUARDED_AVAILABILITY = YES_AGGRESSIVE;
				CLANG_WARN_UNREACHABLE_CODE = YES;
				CLANG_WARN__DUPLICATE_METHOD_MATCH = YES;
				COPY_PHASE_STRIP = NO;
				DEBUG_INFORMATION_FORMAT = dwarf;
				ENABLE_STRICT_OBJC_MSGSEND = YES;
				ENABLE_TESTABILITY = YES;
				ENABLE_USER_SCRIPT_SANDBOXING = YES;
				GCC_C_LANGUAGE_STANDARD = gnu17;
				GCC_DYNAMIC_NO_PIC = NO;
				GCC_NO_COMMON_BLOCKS = YES;
				GCC_OPTIMIZATION_LEVEL = 0;
				GCC_PREPROCESSOR_DEFINITIONS = (
					"DEBUG=1",
					"$(inherited)",
				);
				GCC_WARN_64_TO_32_BIT_CONVERSION = YES;
				GCC_WARN_ABOUT_RETURN_TYPE = YES_ERROR;
				GCC_WARN_UNDECLARED_SELECTOR = YES;
				GCC_WARN_UNINITIALIZED_AUTOS = YES_AGGRESSIVE;
				GCC_WARN_UNUSED_FUNCTION = YES;
				GCC_WARN_UNUSED_VARIABLE = YES;
				IPHONEOS_DEPLOYMENT_TARGET = 17.5;
				LOCALIZATION_PREFERS_STRING_CATALOGS = YES;
				MTL_ENABLE_DEBUG_INFO = INCLUDE_SOURCE;
				MTL_FAST_MATH = YES;
				ONLY_ACTIVE_ARCH = YES;
				SDKROOT = iphoneos;
				SWIFT_ACTIVE_COMPILATION_CONDITIONS = "DEBUG $(inherited)";
				SWIFT_OPTIMIZATION_LEVEL = "-Onone";
			};
			name = Debug;
		};
		95AECEA12CA97E59000C9BEE /* Release */ = {
			isa = XCBuildConfiguration;
			buildSettings = {
				ALWAYS_SEARCH_USER_PATHS = NO;
				ASSETCATALOG_COMPILER_GENERATE_SWIFT_ASSET_SYMBOL_EXTENSIONS = YES;
				CLANG_ANALYZER_NONNULL = YES;
				CLANG_ANALYZER_NUMBER_OBJECT_CONVERSION = YES_AGGRESSIVE;
				CLANG_CXX_LANGUAGE_STANDARD = "gnu++20";
				CLANG_ENABLE_MODULES = YES;
				CLANG_ENABLE_OBJC_ARC = YES;
				CLANG_ENABLE_OBJC_WEAK = YES;
				CLANG_WARN_BLOCK_CAPTURE_AUTORELEASING = YES;
				CLANG_WARN_BOOL_CONVERSION = YES;
				CLANG_WARN_COMMA = YES;
				CLANG_WARN_CONSTANT_CONVERSION = YES;
				CLANG_WARN_DEPRECATED_OBJC_IMPLEMENTATIONS = YES;
				CLANG_WARN_DIRECT_OBJC_ISA_USAGE = YES_ERROR;
				CLANG_WARN_DOCUMENTATION_COMMENTS = YES;
				CLANG_WARN_EMPTY_BODY = YES;
				CLANG_WARN_ENUM_CONVERSION = YES;
				CLANG_WARN_INFINITE_RECURSION = YES;
				CLANG_WARN_INT_CONVERSION = YES;
				CLANG_WARN_NON_LITERAL_NULL_CONVERSION = YES;
				CLANG_WARN_OBJC_IMPLICIT_RETAIN_SELF = YES;
				CLANG_WARN_OBJC_LITERAL_CONVERSION = YES;
				CLANG_WARN_OBJC_ROOT_CLASS = YES_ERROR;
				CLANG_WARN_QUOTED_INCLUDE_IN_FRAMEWORK_HEADER = YES;
				CLANG_WARN_RANGE_LOOP_ANALYSIS = YES;
				CLANG_WARN_STRICT_PROTOTYPES = YES;
				CLANG_WARN_SUSPICIOUS_MOVE = YES;
				CLANG_WARN_UNGUARDED_AVAILABILITY = YES_AGGRESSIVE;
				CLANG_WARN_UNREACHABLE_CODE = YES;
				CLANG_WARN__DUPLICATE_METHOD_MATCH = YES;
				COPY_PHASE_STRIP = NO;
				DEBUG_INFORMATION_FORMAT = "dwarf-with-dsym";
				ENABLE_NS_ASSERTIONS = NO;
				ENABLE_STRICT_OBJC_MSGSEND = YES;
				ENABLE_USER_SCRIPT_SANDBOXING = YES;
				GCC_C_LANGUAGE_STANDARD = gnu17;
				GCC_NO_COMMON_BLOCKS = YES;
				GCC_WARN_64_TO_32_BIT_CONVERSION = YES;
				GCC_WARN_ABOUT_RETURN_TYPE = YES_ERROR;
				GCC_WARN_UNDECLARED_SELECTOR = YES;
				GCC_WARN_UNINITIALIZED_AUTOS = YES_AGGRESSIVE;
				GCC_WARN_UNUSED_FUNCTION = YES;
				GCC_WARN_UNUSED_VARIABLE = YES;
				IPHONEOS_DEPLOYMENT_TARGET = 17.5;
				LOCALIZATION_PREFERS_STRING_CATALOGS = YES;
				MTL_ENABLE_DEBUG_INFO = NO;
				MTL_FAST_MATH = YES;
				SDKROOT = iphoneos;
				SWIFT_COMPILATION_MODE = wholemodule;
				VALIDATE_PRODUCT = YES;
			};
			name = Release;
		};
		95AECEA32CA97E59000C9BEE /* Debug */ = {
			isa = XCBuildConfiguration;
			buildSettings = {
				ASSETCATALOG_COMPILER_APPICON_NAME = AppIcon;
				ASSETCATALOG_COMPILER_GLOBAL_ACCENT_COLOR_NAME = AccentColor;
				CODE_SIGN_STYLE = Automatic;
				CURRENT_PROJECT_VERSION = 1;
				DEVELOPMENT_ASSET_PATHS = "\"Team6PresentMe/Preview Content\"";
				ENABLE_PREVIEWS = YES;
				GENERATE_INFOPLIST_FILE = YES;
				INFOPLIST_KEY_UIApplicationSceneManifest_Generation = YES;
				INFOPLIST_KEY_UIApplicationSupportsIndirectInputEvents = YES;
				INFOPLIST_KEY_UILaunchScreen_Generation = YES;
				INFOPLIST_KEY_UISupportedInterfaceOrientations_iPad = "UIInterfaceOrientationPortrait UIInterfaceOrientationPortraitUpsideDown UIInterfaceOrientationLandscapeLeft UIInterfaceOrientationLandscapeRight";
				INFOPLIST_KEY_UISupportedInterfaceOrientations_iPhone = "UIInterfaceOrientationPortrait UIInterfaceOrientationLandscapeLeft UIInterfaceOrientationLandscapeRight";
				LD_RUNPATH_SEARCH_PATHS = (
					"$(inherited)",
					"@executable_path/Frameworks",
				);
				MARKETING_VERSION = 1.0;
				PRODUCT_BUNDLE_IDENTIFIER = w.Team6PresentMe;
				PRODUCT_NAME = "$(TARGET_NAME)";
				SWIFT_EMIT_LOC_STRINGS = YES;
				SWIFT_VERSION = 5.0;
				TARGETED_DEVICE_FAMILY = "1,2";
			};
			name = Debug;
		};
		95AECEA42CA97E59000C9BEE /* Release */ = {
			isa = XCBuildConfiguration;
			buildSettings = {
				ASSETCATALOG_COMPILER_APPICON_NAME = AppIcon;
				ASSETCATALOG_COMPILER_GLOBAL_ACCENT_COLOR_NAME = AccentColor;
				CODE_SIGN_STYLE = Automatic;
				CURRENT_PROJECT_VERSION = 1;
				DEVELOPMENT_ASSET_PATHS = "\"Team6PresentMe/Preview Content\"";
				ENABLE_PREVIEWS = YES;
				GENERATE_INFOPLIST_FILE = YES;
				INFOPLIST_KEY_UIApplicationSceneManifest_Generation = YES;
				INFOPLIST_KEY_UIApplicationSupportsIndirectInputEvents = YES;
				INFOPLIST_KEY_UILaunchScreen_Generation = YES;
				INFOPLIST_KEY_UISupportedInterfaceOrientations_iPad = "UIInterfaceOrientationPortrait UIInterfaceOrientationPortraitUpsideDown UIInterfaceOrientationLandscapeLeft UIInterfaceOrientationLandscapeRight";
				INFOPLIST_KEY_UISupportedInterfaceOrientations_iPhone = "UIInterfaceOrientationPortrait UIInterfaceOrientationLandscapeLeft UIInterfaceOrientationLandscapeRight";
				LD_RUNPATH_SEARCH_PATHS = (
					"$(inherited)",
					"@executable_path/Frameworks",
				);
				MARKETING_VERSION = 1.0;
				PRODUCT_BUNDLE_IDENTIFIER = w.Team6PresentMe;
				PRODUCT_NAME = "$(TARGET_NAME)";
				SWIFT_EMIT_LOC_STRINGS = YES;
				SWIFT_VERSION = 5.0;
				TARGETED_DEVICE_FAMILY = "1,2";
			};
			name = Release;
		};
/* End XCBuildConfiguration section */

/* Begin XCConfigurationList section */
		95AECE8F2CA97E58000C9BEE /* Build configuration list for PBXProject "Team6PresentMe" */ = {
			isa = XCConfigurationList;
			buildConfigurations = (
				95AECEA02CA97E59000C9BEE /* Debug */,
				95AECEA12CA97E59000C9BEE /* Release */,
			);
			defaultConfigurationIsVisible = 0;
			defaultConfigurationName = Release;
		};
		95AECEA22CA97E59000C9BEE /* Build configuration list for PBXNativeTarget "Team6PresentMe" */ = {
			isa = XCConfigurationList;
			buildConfigurations = (
				95AECEA32CA97E59000C9BEE /* Debug */,
				95AECEA42CA97E59000C9BEE /* Release */,
			);
			defaultConfigurationIsVisible = 0;
			defaultConfigurationName = Release;
		};
/* End XCConfigurationList section */
	};
	rootObject = 95AECE8C2CA97E58000C9BEE /* Project object */;
}
